
Microsoft Visual Studio Solution File, Format Version 12.00
# Visual Studio Version 17
VisualStudioVersion = 17.0.31903.59
MinimumVisualStudioVersion = 10.0.40219.1
Project("{FAE04EC0-301F-11D3-BF4B-00C04F79EFBC}") = "P0_LorcanaDeckTracker.APP", "P0_LorcanaDeckTracker.APP\P0_LorcanaDeckTracker.APP.csproj", "{2DBE7300-80F7-445E-BE02-AA972AA0464B}"
EndProject
Project("{FAE04EC0-301F-11D3-BF4B-00C04F79EFBC}") = "P0_LorcanaDeckTracker.Tests", "P0_LorcanaDeckTracker.Tests\P0_LorcanaDeckTracker.Tests.csproj", "{A7E5E29C-0D58-4B14-8E6C-35F48704861D}"
EndProject
Global
	GlobalSection(SolutionConfigurationPlatforms) = preSolution
		Debug|Any CPU = Debug|Any CPU
		Release|Any CPU = Release|Any CPU
	EndGlobalSection
	GlobalSection(SolutionProperties) = preSolution
		HideSolutionNode = FALSE
	EndGlobalSection
	GlobalSection(ProjectConfigurationPlatforms) = postSolution
		{2DBE7300-80F7-445E-BE02-AA972AA0464B}.Debug|Any CPU.ActiveCfg = Debug|Any CPU
		{2DBE7300-80F7-445E-BE02-AA972AA0464B}.Debug|Any CPU.Build.0 = Debug|Any CPU
		{2DBE7300-80F7-445E-BE02-AA972AA0464B}.Release|Any CPU.ActiveCfg = Release|Any CPU
		{2DBE7300-80F7-445E-BE02-AA972AA0464B}.Release|Any CPU.Build.0 = Release|Any CPU
		{A7E5E29C-0D58-4B14-8E6C-35F48704861D}.Debug|Any CPU.ActiveCfg = Debug|Any CPU
		{A7E5E29C-0D58-4B14-8E6C-35F48704861D}.Debug|Any CPU.Build.0 = Debug|Any CPU
		{A7E5E29C-0D58-4B14-8E6C-35F48704861D}.Release|Any CPU.ActiveCfg = Release|Any CPU
		{A7E5E29C-0D58-4B14-8E6C-35F48704861D}.Release|Any CPU.Build.0 = Release|Any CPU
	EndGlobalSection
EndGlobal
