
Microsoft Visual Studio Solution File, Format Version 12.00
# Visual Studio Version 17
VisualStudioVersion = 17.0.31903.59
MinimumVisualStudioVersion = 10.0.40219.1
Project("{FAE04EC0-301F-11D3-BF4B-00C04F79EFBC}") = "lorcanaDeckTracker.APP", "lorcanaDeckTracker.APP\lorcanaDeckTracker.APP.csproj", "{959FD060-9002-4D21-BB89-73968DA835A1}"
EndProject
Project("{FAE04EC0-301F-11D3-BF4B-00C04F79EFBC}") = "lorcanaDeckTracker.Tests", "lorcanaDeckTracker.Tests\lorcanaDeckTracker.Tests.csproj", "{CED8C31D-488A-4BDD-93B3-ED004065EABB}"
EndProject
Global
	GlobalSection(SolutionConfigurationPlatforms) = preSolution
		Debug|Any CPU = Debug|Any CPU
		Release|Any CPU = Release|Any CPU
	EndGlobalSection
	GlobalSection(SolutionProperties) = preSolution
		HideSolutionNode = FALSE
	EndGlobalSection
	GlobalSection(ProjectConfigurationPlatforms) = postSolution
		{959FD060-9002-4D21-BB89-73968DA835A1}.Debug|Any CPU.ActiveCfg = Debug|Any CPU
		{959FD060-9002-4D21-BB89-73968DA835A1}.Debug|Any CPU.Build.0 = Debug|Any CPU
		{959FD060-9002-4D21-BB89-73968DA835A1}.Release|Any CPU.ActiveCfg = Release|Any CPU
		{959FD060-9002-4D21-BB89-73968DA835A1}.Release|Any CPU.Build.0 = Release|Any CPU
		{CED8C31D-488A-4BDD-93B3-ED004065EABB}.Debug|Any CPU.ActiveCfg = Debug|Any CPU
		{CED8C31D-488A-4BDD-93B3-ED004065EABB}.Debug|Any CPU.Build.0 = Debug|Any CPU
		{CED8C31D-488A-4BDD-93B3-ED004065EABB}.Release|Any CPU.ActiveCfg = Release|Any CPU
		{CED8C31D-488A-4BDD-93B3-ED004065EABB}.Release|Any CPU.Build.0 = Release|Any CPU
	EndGlobalSection
EndGlobal
